
Microsoft Visual Studio Solution File, Format Version 12.00
# Visual Studio 15
VisualStudioVersion = 15.0.28307.102
MinimumVisualStudioVersion = 10.0.40219.1
Project("{FAE04EC0-301F-11D3-BF4B-00C04F79EFBC}") = "ReconnectFritz", "ReconnectFritz\ReconnectFritz.csproj", "{5DE4F8FC-D8AE-46E3-8CF5-F052399E78FD}"
EndProject
Global
	GlobalSection(SolutionConfigurationPlatforms) = preSolution
		Debug|Any CPU = Debug|Any CPU
		Release|Any CPU = Release|Any CPU
	EndGlobalSection
	GlobalSection(ProjectConfigurationPlatforms) = postSolution
		{5DE4F8FC-D8AE-46E3-8CF5-F052399E78FD}.Debug|Any CPU.ActiveCfg = Debug|Any CPU
		{5DE4F8FC-D8AE-46E3-8CF5-F052399E78FD}.Debug|Any CPU.Build.0 = Debug|Any CPU
		{5DE4F8FC-D8AE-46E3-8CF5-F052399E78FD}.Release|Any CPU.ActiveCfg = Release|Any CPU
		{5DE4F8FC-D8AE-46E3-8CF5-F052399E78FD}.Release|Any CPU.Build.0 = Release|Any CPU
	EndGlobalSection
	GlobalSection(SolutionProperties) = preSolution
		HideSolutionNode = FALSE
	EndGlobalSection
	GlobalSection(ExtensibilityGlobals) = postSolution
		SolutionGuid = {14398A33-4D62-43AD-A6AE-D314AD0774F0}
	EndGlobalSection
EndGlobal
